
Microsoft Visual Studio Solution File, Format Version 12.00
# Visual Studio 2012
Project("{FAE04EC0-301F-11D3-BF4B-00C04F79EFBC}") = "SimpleSample", "Sample\SimpleSample\SimpleSample.csproj", "{77066EF6-39DC-4974-863E-2D58777EB50D}"
EndProject
Project("{FAE04EC0-301F-11D3-BF4B-00C04F79EFBC}") = "ScreenObjectXUI", "test\ScreenObjectXUI.csproj", "{BFF9903C-EA85-4894-BA7A-4B60AADCA46E}"
EndProject
Global
	GlobalSection(SolutionConfigurationPlatforms) = preSolution
		Debug|Any CPU = Debug|Any CPU
		Release|Any CPU = Release|Any CPU
	EndGlobalSection
	GlobalSection(ProjectConfigurationPlatforms) = postSolution
		{77066EF6-39DC-4974-863E-2D58777EB50D}.Debug|Any CPU.ActiveCfg = Debug|Any CPU
		{77066EF6-39DC-4974-863E-2D58777EB50D}.Debug|Any CPU.Build.0 = Debug|Any CPU
		{77066EF6-39DC-4974-863E-2D58777EB50D}.Release|Any CPU.ActiveCfg = Release|Any CPU
		{77066EF6-39DC-4974-863E-2D58777EB50D}.Release|Any CPU.Build.0 = Release|Any CPU
		{BFF9903C-EA85-4894-BA7A-4B60AADCA46E}.Debug|Any CPU.ActiveCfg = Debug|Any CPU
		{BFF9903C-EA85-4894-BA7A-4B60AADCA46E}.Debug|Any CPU.Build.0 = Debug|Any CPU
		{BFF9903C-EA85-4894-BA7A-4B60AADCA46E}.Release|Any CPU.ActiveCfg = Release|Any CPU
		{BFF9903C-EA85-4894-BA7A-4B60AADCA46E}.Release|Any CPU.Build.0 = Release|Any CPU
	EndGlobalSection
EndGlobal
